
Microsoft Visual Studio Solution File, Format Version 12.00
# Visual Studio 15
VisualStudioVersion = 15.0.27428.2043
MinimumVisualStudioVersion = 10.0.40219.1
Project("{FAE04EC0-301F-11D3-BF4B-00C04F79EFBC}") = "Database", "Database\Database.csproj", "{55104F14-95E7-4AB8-900D-FFE753870C4C}"
EndProject
Project("{FAE04EC0-301F-11D3-BF4B-00C04F79EFBC}") = "TestDatabase", "TestDatabase\TestDatabase.csproj", "{3390931A-2376-43BA-BB94-CB69B9A7B2F3}"
EndProject
Project("{FAE04EC0-301F-11D3-BF4B-00C04F79EFBC}") = "RestProject", "RestProject\RestProject.csproj", "{C54E5041-DD42-45D1-9C52-2F12DB3CDA2C}"
EndProject
Project("{FAE04EC0-301F-11D3-BF4B-00C04F79EFBC}") = "Utils", "Utils\Utils.csproj", "{32C77357-1C1E-4917-A551-E55DDFA65D33}"
EndProject
Global
	GlobalSection(SolutionConfigurationPlatforms) = preSolution
		Debug|Any CPU = Debug|Any CPU
		Release|Any CPU = Release|Any CPU
	EndGlobalSection
	GlobalSection(ProjectConfigurationPlatforms) = postSolution
		{55104F14-95E7-4AB8-900D-FFE753870C4C}.Debug|Any CPU.ActiveCfg = Debug|Any CPU
		{55104F14-95E7-4AB8-900D-FFE753870C4C}.Debug|Any CPU.Build.0 = Debug|Any CPU
		{55104F14-95E7-4AB8-900D-FFE753870C4C}.Release|Any CPU.ActiveCfg = Release|Any CPU
		{55104F14-95E7-4AB8-900D-FFE753870C4C}.Release|Any CPU.Build.0 = Release|Any CPU
		{3390931A-2376-43BA-BB94-CB69B9A7B2F3}.Debug|Any CPU.ActiveCfg = Debug|Any CPU
		{3390931A-2376-43BA-BB94-CB69B9A7B2F3}.Debug|Any CPU.Build.0 = Debug|Any CPU
		{3390931A-2376-43BA-BB94-CB69B9A7B2F3}.Release|Any CPU.ActiveCfg = Release|Any CPU
		{3390931A-2376-43BA-BB94-CB69B9A7B2F3}.Release|Any CPU.Build.0 = Release|Any CPU
		{C54E5041-DD42-45D1-9C52-2F12DB3CDA2C}.Debug|Any CPU.ActiveCfg = Debug|Any CPU
		{C54E5041-DD42-45D1-9C52-2F12DB3CDA2C}.Debug|Any CPU.Build.0 = Debug|Any CPU
		{C54E5041-DD42-45D1-9C52-2F12DB3CDA2C}.Release|Any CPU.ActiveCfg = Release|Any CPU
		{C54E5041-DD42-45D1-9C52-2F12DB3CDA2C}.Release|Any CPU.Build.0 = Release|Any CPU
		{32C77357-1C1E-4917-A551-E55DDFA65D33}.Debug|Any CPU.ActiveCfg = Debug|Any CPU
		{32C77357-1C1E-4917-A551-E55DDFA65D33}.Debug|Any CPU.Build.0 = Debug|Any CPU
		{32C77357-1C1E-4917-A551-E55DDFA65D33}.Release|Any CPU.ActiveCfg = Release|Any CPU
		{32C77357-1C1E-4917-A551-E55DDFA65D33}.Release|Any CPU.Build.0 = Release|Any CPU
	EndGlobalSection
	GlobalSection(SolutionProperties) = preSolution
		HideSolutionNode = FALSE
	EndGlobalSection
	GlobalSection(ExtensibilityGlobals) = postSolution
		SolutionGuid = {1CAEF560-ABB0-4021-BF5A-E2D26DCF6FB8}
	EndGlobalSection
EndGlobal
